// !$*UTF8*$!
{
	archiveVersion = 1;
	classes = {
	};
	objectVersion = 55;
	objects = {

/* Begin PBXBuildFile section */
		68DCF16959F419FF5DD8C16C /* Pods_GetSpotiAPI.framework in Frameworks */ = {isa = PBXBuildFile; fileRef = 08AD96D44BFB4B211B2935AC /* Pods_GetSpotiAPI.framework */; };
		C476C18B274A31D8005CD9C2 /* Header.swift in Sources */ = {isa = PBXBuildFile; fileRef = C476C18A274A31D8005CD9C2 /* Header.swift */; };
		C476C18D274A31D8005CD9C2 /* EndingPath.swift in Sources */ = {isa = PBXBuildFile; fileRef = C476C18C274A31D8005CD9C2 /* EndingPath.swift */; };
		C476C18F274A31D8005CD9C2 /* Parameters.swift in Sources */ = {isa = PBXBuildFile; fileRef = C476C18E274A31D8005CD9C2 /* Parameters.swift */; };
		C476C191274A31D8005CD9C2 /* SpotifyBaseURL.swift in Sources */ = {isa = PBXBuildFile; fileRef = C476C190274A31D8005CD9C2 /* SpotifyBaseURL.swift */; };
		C476C195274A31D8005CD9C2 /* Tokens.swift in Sources */ = {isa = PBXBuildFile; fileRef = C476C194274A31D8005CD9C2 /* Tokens.swift */; };
		C4AA00EE274A10EE0079B500 /* AppDelegate.swift in Sources */ = {isa = PBXBuildFile; fileRef = C4AA00ED274A10EE0079B500 /* AppDelegate.swift */; };
		C4AA00F7274A10EE0079B500 /* Assets.xcassets in Resources */ = {isa = PBXBuildFile; fileRef = C4AA00F6274A10EE0079B500 /* Assets.xcassets */; };
		C4AA00FA274A10EE0079B500 /* LaunchScreen.storyboard in Resources */ = {isa = PBXBuildFile; fileRef = C4AA00F8274A10EE0079B500 /* LaunchScreen.storyboard */; };
		C4AA0109274A10EE0079B500 /* LogInViewModel.swift in Sources */ = {isa = PBXBuildFile; fileRef = C4AA0103274A10EE0079B500 /* LogInViewModel.swift */; };
		C4AA010B274A10EE0079B500 /* LoginViewController.xib in Resources */ = {isa = PBXBuildFile; fileRef = C4AA0107274A10EE0079B500 /* LoginViewController.xib */; };
		C4AA010C274A10EE0079B500 /* LoginViewController.swift in Sources */ = {isa = PBXBuildFile; fileRef = C4AA0108274A10EE0079B500 /* LoginViewController.swift */; };
		C4C9335E274A274A0085A4A2 /* APIClient.swift in Sources */ = {isa = PBXBuildFile; fileRef = C4C9335D274A274A0085A4A2 /* APIClient.swift */; };
		C4C93360274A274A0085A4A2 /* Request.swift in Sources */ = {isa = PBXBuildFile; fileRef = C4C9335F274A274A0085A4A2 /* Request.swift */; };
		C4C93369274A274A0085A4A2 /* Constant.swift in Sources */ = {isa = PBXBuildFile; fileRef = C4C93367274A274A0085A4A2 /* Constant.swift */; };
		C4C9336A274A274A0085A4A2 /* Model.swift in Sources */ = {isa = PBXBuildFile; fileRef = C4C93368274A274A0085A4A2 /* Model.swift */; };
		C4CF8D7126A03F4500468080 /* RequestBuilder.swift in Sources */ = {isa = PBXBuildFile; fileRef = C4CF8D7026A03F4500468080 /* RequestBuilder.swift */; };
/* End PBXBuildFile section */

/* Begin PBXFileReference section */
		08AD96D44BFB4B211B2935AC /* Pods_GetSpotiAPI.framework */ = {isa = PBXFileReference; explicitFileType = wrapper.framework; includeInIndex = 0; path = Pods_GetSpotiAPI.framework; sourceTree = BUILT_PRODUCTS_DIR; };
		136A344EF8FE8639B2BB6AE2 /* Pods-GetSpotiAPI.debug.xcconfig */ = {isa = PBXFileReference; includeInIndex = 1; lastKnownFileType = text.xcconfig; name = "Pods-GetSpotiAPI.debug.xcconfig"; path = "Target Support Files/Pods-GetSpotiAPI/Pods-GetSpotiAPI.debug.xcconfig"; sourceTree = "<group>"; };
		BBF7D98659A38536A0E54CB5 /* Pods-GetSpotiAPI.release.xcconfig */ = {isa = PBXFileReference; includeInIndex = 1; lastKnownFileType = text.xcconfig; name = "Pods-GetSpotiAPI.release.xcconfig"; path = "Target Support Files/Pods-GetSpotiAPI/Pods-GetSpotiAPI.release.xcconfig"; sourceTree = "<group>"; };
		C476C18A274A31D8005CD9C2 /* Header.swift */ = {isa = PBXFileReference; fileEncoding = 4; lastKnownFileType = sourcecode.swift; path = Header.swift; sourceTree = "<group>"; };
		C476C18C274A31D8005CD9C2 /* EndingPath.swift */ = {isa = PBXFileReference; fileEncoding = 4; lastKnownFileType = sourcecode.swift; path = EndingPath.swift; sourceTree = "<group>"; };
		C476C18E274A31D8005CD9C2 /* Parameters.swift */ = {isa = PBXFileReference; fileEncoding = 4; lastKnownFileType = sourcecode.swift; path = Parameters.swift; sourceTree = "<group>"; };
		C476C190274A31D8005CD9C2 /* SpotifyBaseURL.swift */ = {isa = PBXFileReference; fileEncoding = 4; lastKnownFileType = sourcecode.swift; path = SpotifyBaseURL.swift; sourceTree = "<group>"; };
		C476C194274A31D8005CD9C2 /* Tokens.swift */ = {isa = PBXFileReference; fileEncoding = 4; lastKnownFileType = sourcecode.swift; path = Tokens.swift; sourceTree = "<group>"; };
		C4AA00EA274A10EE0079B500 /* GetSpotiAPI.app */ = {isa = PBXFileReference; explicitFileType = wrapper.application; includeInIndex = 0; path = GetSpotiAPI.app; sourceTree = BUILT_PRODUCTS_DIR; };
		C4AA00ED274A10EE0079B500 /* AppDelegate.swift */ = {isa = PBXFileReference; lastKnownFileType = sourcecode.swift; path = AppDelegate.swift; sourceTree = "<group>"; };
		C4AA00F6274A10EE0079B500 /* Assets.xcassets */ = {isa = PBXFileReference; lastKnownFileType = folder.assetcatalog; path = Assets.xcassets; sourceTree = "<group>"; };
		C4AA00F9274A10EE0079B500 /* Base */ = {isa = PBXFileReference; lastKnownFileType = file.storyboard; name = Base; path = Base.lproj/LaunchScreen.storyboard; sourceTree = "<group>"; };
		C4AA00FB274A10EE0079B500 /* Info.plist */ = {isa = PBXFileReference; lastKnownFileType = text.plist.xml; path = Info.plist; sourceTree = "<group>"; };
		C4AA0103274A10EE0079B500 /* LogInViewModel.swift */ = {isa = PBXFileReference; fileEncoding = 4; lastKnownFileType = sourcecode.swift; path = LogInViewModel.swift; sourceTree = "<group>"; };
		C4AA0107274A10EE0079B500 /* LoginViewController.xib */ = {isa = PBXFileReference; fileEncoding = 4; lastKnownFileType = file.xib; path = LoginViewController.xib; sourceTree = "<group>"; };
		C4AA0108274A10EE0079B500 /* LoginViewController.swift */ = {isa = PBXFileReference; fileEncoding = 4; lastKnownFileType = sourcecode.swift; path = LoginViewController.swift; sourceTree = "<group>"; };
		C4C9335D274A274A0085A4A2 /* APIClient.swift */ = {isa = PBXFileReference; fileEncoding = 4; lastKnownFileType = sourcecode.swift; path = APIClient.swift; sourceTree = "<group>"; };
		C4C9335F274A274A0085A4A2 /* Request.swift */ = {isa = PBXFileReference; fileEncoding = 4; lastKnownFileType = sourcecode.swift; path = Request.swift; sourceTree = "<group>"; };
		C4C93367274A274A0085A4A2 /* Constant.swift */ = {isa = PBXFileReference; fileEncoding = 4; lastKnownFileType = sourcecode.swift; path = Constant.swift; sourceTree = "<group>"; };
		C4C93368274A274A0085A4A2 /* Model.swift */ = {isa = PBXFileReference; fileEncoding = 4; lastKnownFileType = sourcecode.swift; path = Model.swift; sourceTree = "<group>"; };
		C4CF8D7026A03F4500468080 /* RequestBuilder.swift */ = {isa = PBXFileReference; fileEncoding = 4; lastKnownFileType = sourcecode.swift; path = RequestBuilder.swift; sourceTree = "<group>"; };
/* End PBXFileReference section */

/* Begin PBXFrameworksBuildPhase section */
		C4AA00E7274A10EE0079B500 /* Frameworks */ = {
			isa = PBXFrameworksBuildPhase;
			buildActionMask = 2147483647;
			files = (
				68DCF16959F419FF5DD8C16C /* Pods_GetSpotiAPI.framework in Frameworks */,
			);
			runOnlyForDeploymentPostprocessing = 0;
		};
/* End PBXFrameworksBuildPhase section */

/* Begin PBXGroup section */
		08093B37D05FEF2D89208F74 /* Frameworks */ = {
			isa = PBXGroup;
			children = (
				08AD96D44BFB4B211B2935AC /* Pods_GetSpotiAPI.framework */,
			);
			name = Frameworks;
			sourceTree = "<group>";
		};
		17A9FCC7F08811C73830BB3C /* Pods */ = {
			isa = PBXGroup;
			children = (
				136A344EF8FE8639B2BB6AE2 /* Pods-GetSpotiAPI.debug.xcconfig */,
				BBF7D98659A38536A0E54CB5 /* Pods-GetSpotiAPI.release.xcconfig */,
			);
			path = Pods;
			sourceTree = "<group>";
		};
		C476C192274A31D8005CD9C2 /* ParametersRequest */ = {
			isa = PBXGroup;
			children = (
				C476C18A274A31D8005CD9C2 /* Header.swift */,
				C476C18C274A31D8005CD9C2 /* EndingPath.swift */,
				C476C190274A31D8005CD9C2 /* SpotifyBaseURL.swift */,
				C476C18E274A31D8005CD9C2 /* Parameters.swift */,
			);
			path = ParametersRequest;
			sourceTree = "<group>";
		};
		C476C193274A31D8005CD9C2 /* NetworkModels */ = {
			isa = PBXGroup;
			children = (
				C476C194274A31D8005CD9C2 /* Tokens.swift */,
			);
			path = NetworkModels;
			sourceTree = "<group>";
		};
		C4AA00E1274A10EE0079B500 = {
			isa = PBXGroup;
			children = (
				C4AA00EC274A10EE0079B500 /* GetSpotiAPI */,
				C4AA00EB274A10EE0079B500 /* Products */,
				17A9FCC7F08811C73830BB3C /* Pods */,
				08093B37D05FEF2D89208F74 /* Frameworks */,
			);
			sourceTree = "<group>";
		};
		C4AA00EB274A10EE0079B500 /* Products */ = {
			isa = PBXGroup;
			children = (
				C4AA00EA274A10EE0079B500 /* GetSpotiAPI.app */,
			);
			name = Products;
			sourceTree = "<group>";
		};
		C4AA00EC274A10EE0079B500 /* GetSpotiAPI */ = {
			isa = PBXGroup;
			children = (
				C4C9335B274A274A0085A4A2 /* Service */,
				C4AA00ED274A10EE0079B500 /* AppDelegate.swift */,
				C4AA0101274A10EE0079B500 /* LogInModule */,
				C4AA00F6274A10EE0079B500 /* Assets.xcassets */,
				C4AA00F8274A10EE0079B500 /* LaunchScreen.storyboard */,
				C4AA00FB274A10EE0079B500 /* Info.plist */,
			);
			path = GetSpotiAPI;
			sourceTree = "<group>";
		};
		C4AA0101274A10EE0079B500 /* LogInModule */ = {
			isa = PBXGroup;
			children = (
				C4AA0104274A10EE0079B500 /* Model */,
				C4AA0106274A10EE0079B500 /* View */,
				C4AA0102274A10EE0079B500 /* ViewModel */,
			);
			path = LogInModule;
			sourceTree = "<group>";
		};
		C4AA0102274A10EE0079B500 /* ViewModel */ = {
			isa = PBXGroup;
			children = (
				C4AA0103274A10EE0079B500 /* LogInViewModel.swift */,
			);
			path = ViewModel;
			sourceTree = "<group>";
		};
		C4AA0104274A10EE0079B500 /* Model */ = {
			isa = PBXGroup;
			children = (
			);
			path = Model;
			sourceTree = "<group>";
		};
		C4AA0106274A10EE0079B500 /* View */ = {
			isa = PBXGroup;
			children = (
				C4AA0107274A10EE0079B500 /* LoginViewController.xib */,
				C4AA0108274A10EE0079B500 /* LoginViewController.swift */,
			);
			path = View;
			sourceTree = "<group>";
		};
		C4C9335B274A274A0085A4A2 /* Service */ = {
			isa = PBXGroup;
			children = (
				C4C9335C274A274A0085A4A2 /* Network */,
			);
			path = Service;
			sourceTree = "<group>";
		};
		C4C9335C274A274A0085A4A2 /* Network */ = {
			isa = PBXGroup;
			children = (
				C476C193274A31D8005CD9C2 /* NetworkModels */,
				C476C192274A31D8005CD9C2 /* ParametersRequest */,
				C4C9335F274A274A0085A4A2 /* Request.swift */,
				C4CF8D7026A03F4500468080 /* RequestBuilder.swift */,
				C4C93368274A274A0085A4A2 /* Model.swift */,
				C4C93367274A274A0085A4A2 /* Constant.swift */,
				C4C9335D274A274A0085A4A2 /* APIClient.swift */,
			);
			path = Network;
			sourceTree = "<group>";
		};
/* End PBXGroup section */

/* Begin PBXNativeTarget section */
		C4AA00E9274A10EE0079B500 /* GetSpotiAPI */ = {
			isa = PBXNativeTarget;
			buildConfigurationList = C4AA00FE274A10EE0079B500 /* Build configuration list for PBXNativeTarget "GetSpotiAPI" */;
			buildPhases = (
				5F44F7E15221D23DD53EF365 /* [CP] Check Pods Manifest.lock */,
				C4AA00E6274A10EE0079B500 /* Sources */,
				C4AA00E7274A10EE0079B500 /* Frameworks */,
				C4AA00E8274A10EE0079B500 /* Resources */,
				C4C9335A274A274A0085A4A2 /* ShellScript */,
				D34831EF10BD35C5F426A25D /* [CP] Embed Pods Frameworks */,
			);
			buildRules = (
			);
			dependencies = (
			);
			name = GetSpotiAPI;
			productName = SpotifyAPI;
			productReference = C4AA00EA274A10EE0079B500 /* GetSpotiAPI.app */;
			productType = "com.apple.product-type.application";
		};
/* End PBXNativeTarget section */

/* Begin PBXProject section */
		C4AA00E2274A10EE0079B500 /* Project object */ = {
			isa = PBXProject;
			attributes = {
				BuildIndependentTargetsInParallel = 1;
				LastSwiftUpdateCheck = 1310;
				LastUpgradeCheck = 1310;
				TargetAttributes = {
					C4AA00E9274A10EE0079B500 = {
						CreatedOnToolsVersion = 13.1;
					};
				};
			};
			buildConfigurationList = C4AA00E5274A10EE0079B500 /* Build configuration list for PBXProject "GetSpotiAPI" */;
			compatibilityVersion = "Xcode 13.0";
			developmentRegion = en;
			hasScannedForEncodings = 0;
			knownRegions = (
				en,
				Base,
			);
			mainGroup = C4AA00E1274A10EE0079B500;
			productRefGroup = C4AA00EB274A10EE0079B500 /* Products */;
			projectDirPath = "";
			projectRoot = "";
			targets = (
				C4AA00E9274A10EE0079B500 /* GetSpotiAPI */,
			);
		};
/* End PBXProject section */

/* Begin PBXResourcesBuildPhase section */
		C4AA00E8274A10EE0079B500 /* Resources */ = {
			isa = PBXResourcesBuildPhase;
			buildActionMask = 2147483647;
			files = (
				C4AA010B274A10EE0079B500 /* LoginViewController.xib in Resources */,
				C4AA00FA274A10EE0079B500 /* LaunchScreen.storyboard in Resources */,
				C4AA00F7274A10EE0079B500 /* Assets.xcassets in Resources */,
			);
			runOnlyForDeploymentPostprocessing = 0;
		};
/* End PBXResourcesBuildPhase section */

/* Begin PBXShellScriptBuildPhase section */
		5F44F7E15221D23DD53EF365 /* [CP] Check Pods Manifest.lock */ = {
			isa = PBXShellScriptBuildPhase;
			buildActionMask = 2147483647;
			files = (
			);
			inputFileListPaths = (
			);
			inputPaths = (
				"${PODS_PODFILE_DIR_PATH}/Podfile.lock",
				"${PODS_ROOT}/Manifest.lock",
			);
			name = "[CP] Check Pods Manifest.lock";
			outputFileListPaths = (
			);
			outputPaths = (
				"$(DERIVED_FILE_DIR)/Pods-GetSpotiAPI-checkManifestLockResult.txt",
			);
			runOnlyForDeploymentPostprocessing = 0;
			shellPath = /bin/sh;
			shellScript = "diff \"${PODS_PODFILE_DIR_PATH}/Podfile.lock\" \"${PODS_ROOT}/Manifest.lock\" > /dev/null\nif [ $? != 0 ] ; then\n    # print error to STDERR\n    echo \"error: The sandbox is not in sync with the Podfile.lock. Run 'pod install' or update your CocoaPods installation.\" >&2\n    exit 1\nfi\n# This output is used by Xcode 'outputs' to avoid re-running this script phase.\necho \"SUCCESS\" > \"${SCRIPT_OUTPUT_FILE_0}\"\n";
			showEnvVarsInLog = 0;
		};
		C4C9335A274A274A0085A4A2 /* ShellScript */ = {
			isa = PBXShellScriptBuildPhase;
			buildActionMask = 2147483647;
			files = (
			);
			inputFileListPaths = (
			);
			inputPaths = (
			);
			outputFileListPaths = (
			);
			outputPaths = (
			);
			runOnlyForDeploymentPostprocessing = 0;
			shellPath = /bin/sh;
			shellScript = "\"${PODS_ROOT}/SwiftLint/swiftlint\"\n";
		};
		D34831EF10BD35C5F426A25D /* [CP] Embed Pods Frameworks */ = {
			isa = PBXShellScriptBuildPhase;
			buildActionMask = 2147483647;
			files = (
			);
			inputFileListPaths = (
				"${PODS_ROOT}/Target Support Files/Pods-GetSpotiAPI/Pods-GetSpotiAPI-frameworks-${CONFIGURATION}-input-files.xcfilelist",
			);
			name = "[CP] Embed Pods Frameworks";
			outputFileListPaths = (
				"${PODS_ROOT}/Target Support Files/Pods-GetSpotiAPI/Pods-GetSpotiAPI-frameworks-${CONFIGURATION}-output-files.xcfilelist",
			);
			runOnlyForDeploymentPostprocessing = 0;
			shellPath = /bin/sh;
			shellScript = "\"${PODS_ROOT}/Target Support Files/Pods-GetSpotiAPI/Pods-GetSpotiAPI-frameworks.sh\"\n";
			showEnvVarsInLog = 0;
		};
/* End PBXShellScriptBuildPhase section */

/* Begin PBXSourcesBuildPhase section */
		C4AA00E6274A10EE0079B500 /* Sources */ = {
			isa = PBXSourcesBuildPhase;
			buildActionMask = 2147483647;
			files = (
				C4C93369274A274A0085A4A2 /* Constant.swift in Sources */,
				C476C18B274A31D8005CD9C2 /* Header.swift in Sources */,
				C4AA010C274A10EE0079B500 /* LoginViewController.swift in Sources */,
				C4CF8D7126A03F4500468080 /* RequestBuilder.swift in Sources */,
				C4AA0109274A10EE0079B500 /* LogInViewModel.swift in Sources */,
				C4C93360274A274A0085A4A2 /* Request.swift in Sources */,
				C4AA00EE274A10EE0079B500 /* AppDelegate.swift in Sources */,
				C476C18D274A31D8005CD9C2 /* EndingPath.swift in Sources */,
				C4C9335E274A274A0085A4A2 /* APIClient.swift in Sources */,
				C4C9336A274A274A0085A4A2 /* Model.swift in Sources */,
				C476C18F274A31D8005CD9C2 /* Parameters.swift in Sources */,
				C476C191274A31D8005CD9C2 /* SpotifyBaseURL.swift in Sources */,
				C476C195274A31D8005CD9C2 /* Tokens.swift in Sources */,
			);
			runOnlyForDeploymentPostprocessing = 0;
		};
/* End PBXSourcesBuildPhase section */

/* Begin PBXVariantGroup section */
		C4AA00F8274A10EE0079B500 /* LaunchScreen.storyboard */ = {
			isa = PBXVariantGroup;
			children = (
				C4AA00F9274A10EE0079B500 /* Base */,
			);
			name = LaunchScreen.storyboard;
			sourceTree = "<group>";
		};
/* End PBXVariantGroup section */

/* Begin XCBuildConfiguration section */
		C4AA00FC274A10EE0079B500 /* Debug */ = {
			isa = XCBuildConfiguration;
			buildSettings = {
				ALWAYS_SEARCH_USER_PATHS = NO;
				CLANG_ANALYZER_NONNULL = YES;
				CLANG_ANALYZER_NUMBER_OBJECT_CONVERSION = YES_AGGRESSIVE;
				CLANG_CXX_LANGUAGE_STANDARD = "gnu++17";
				CLANG_CXX_LIBRARY = "libc++";
				CLANG_ENABLE_MODULES = YES;
				CLANG_ENABLE_OBJC_ARC = YES;
				CLANG_ENABLE_OBJC_WEAK = YES;
				CLANG_WARN_BLOCK_CAPTURE_AUTORELEASING = YES;
				CLANG_WARN_BOOL_CONVERSION = YES;
				CLANG_WARN_COMMA = YES;
				CLANG_WARN_CONSTANT_CONVERSION = YES;
				CLANG_WARN_DEPRECATED_OBJC_IMPLEMENTATIONS = YES;
				CLANG_WARN_DIRECT_OBJC_ISA_USAGE = YES_ERROR;
				CLANG_WARN_DOCUMENTATION_COMMENTS = YES;
				CLANG_WARN_EMPTY_BODY = YES;
				CLANG_WARN_ENUM_CONVERSION = YES;
				CLANG_WARN_INFINITE_RECURSION = YES;
				CLANG_WARN_INT_CONVERSION = YES;
				CLANG_WARN_NON_LITERAL_NULL_CONVERSION = YES;
				CLANG_WARN_OBJC_IMPLICIT_RETAIN_SELF = YES;
				CLANG_WARN_OBJC_LITERAL_CONVERSION = YES;
				CLANG_WARN_OBJC_ROOT_CLASS = YES_ERROR;
				CLANG_WARN_QUOTED_INCLUDE_IN_FRAMEWORK_HEADER = YES;
				CLANG_WARN_RANGE_LOOP_ANALYSIS = YES;
				CLANG_WARN_STRICT_PROTOTYPES = YES;
				CLANG_WARN_SUSPICIOUS_MOVE = YES;
				CLANG_WARN_UNGUARDED_AVAILABILITY = YES_AGGRESSIVE;
				CLANG_WARN_UNREACHABLE_CODE = YES;
				CLANG_WARN__DUPLICATE_METHOD_MATCH = YES;
				COPY_PHASE_STRIP = NO;
				DEBUG_INFORMATION_FORMAT = dwarf;
				ENABLE_STRICT_OBJC_MSGSEND = YES;
				ENABLE_TESTABILITY = YES;
				GCC_C_LANGUAGE_STANDARD = gnu11;
				GCC_DYNAMIC_NO_PIC = NO;
				GCC_NO_COMMON_BLOCKS = YES;
				GCC_OPTIMIZATION_LEVEL = 0;
				GCC_PREPROCESSOR_DEFINITIONS = (
					"DEBUG=1",
					"$(inherited)",
				);
				GCC_WARN_64_TO_32_BIT_CONVERSION = YES;
				GCC_WARN_ABOUT_RETURN_TYPE = YES_ERROR;
				GCC_WARN_UNDECLARED_SELECTOR = YES;
				GCC_WARN_UNINITIALIZED_AUTOS = YES_AGGRESSIVE;
				GCC_WARN_UNUSED_FUNCTION = YES;
				GCC_WARN_UNUSED_VARIABLE = YES;
				IPHONEOS_DEPLOYMENT_TARGET = 15.0;
				MTL_ENABLE_DEBUG_INFO = INCLUDE_SOURCE;
				MTL_FAST_MATH = YES;
				ONLY_ACTIVE_ARCH = YES;
				SDKROOT = iphoneos;
				SWIFT_ACTIVE_COMPILATION_CONDITIONS = DEBUG;
				SWIFT_OPTIMIZATION_LEVEL = "-Onone";
			};
			name = Debug;
		};
		C4AA00FD274A10EE0079B500 /* Release */ = {
			isa = XCBuildConfiguration;
			buildSettings = {
				ALWAYS_SEARCH_USER_PATHS = NO;
				CLANG_ANALYZER_NONNULL = YES;
				CLANG_ANALYZER_NUMBER_OBJECT_CONVERSION = YES_AGGRESSIVE;
				CLANG_CXX_LANGUAGE_STANDARD = "gnu++17";
				CLANG_CXX_LIBRARY = "libc++";
				CLANG_ENABLE_MODULES = YES;
				CLANG_ENABLE_OBJC_ARC = YES;
				CLANG_ENABLE_OBJC_WEAK = YES;
				CLANG_WARN_BLOCK_CAPTURE_AUTORELEASING = YES;
				CLANG_WARN_BOOL_CONVERSION = YES;
				CLANG_WARN_COMMA = YES;
				CLANG_WARN_CONSTANT_CONVERSION = YES;
				CLANG_WARN_DEPRECATED_OBJC_IMPLEMENTATIONS = YES;
				CLANG_WARN_DIRECT_OBJC_ISA_USAGE = YES_ERROR;
				CLANG_WARN_DOCUMENTATION_COMMENTS = YES;
				CLANG_WARN_EMPTY_BODY = YES;
				CLANG_WARN_ENUM_CONVERSION = YES;
				CLANG_WARN_INFINITE_RECURSION = YES;
				CLANG_WARN_INT_CONVERSION = YES;
				CLANG_WARN_NON_LITERAL_NULL_CONVERSION = YES;
				CLANG_WARN_OBJC_IMPLICIT_RETAIN_SELF = YES;
				CLANG_WARN_OBJC_LITERAL_CONVERSION = YES;
				CLANG_WARN_OBJC_ROOT_CLASS = YES_ERROR;
				CLANG_WARN_QUOTED_INCLUDE_IN_FRAMEWORK_HEADER = YES;
				CLANG_WARN_RANGE_LOOP_ANALYSIS = YES;
				CLANG_WARN_STRICT_PROTOTYPES = YES;
				CLANG_WARN_SUSPICIOUS_MOVE = YES;
				CLANG_WARN_UNGUARDED_AVAILABILITY = YES_AGGRESSIVE;
				CLANG_WARN_UNREACHABLE_CODE = YES;
				CLANG_WARN__DUPLICATE_METHOD_MATCH = YES;
				COPY_PHASE_STRIP = NO;
				DEBUG_INFORMATION_FORMAT = "dwarf-with-dsym";
				ENABLE_NS_ASSERTIONS = NO;
				ENABLE_STRICT_OBJC_MSGSEND = YES;
				GCC_C_LANGUAGE_STANDARD = gnu11;
				GCC_NO_COMMON_BLOCKS = YES;
				GCC_WARN_64_TO_32_BIT_CONVERSION = YES;
				GCC_WARN_ABOUT_RETURN_TYPE = YES_ERROR;
				GCC_WARN_UNDECLARED_SELECTOR = YES;
				GCC_WARN_UNINITIALIZED_AUTOS = YES_AGGRESSIVE;
				GCC_WARN_UNUSED_FUNCTION = YES;
				GCC_WARN_UNUSED_VARIABLE = YES;
				IPHONEOS_DEPLOYMENT_TARGET = 15.0;
				MTL_ENABLE_DEBUG_INFO = NO;
				MTL_FAST_MATH = YES;
				SDKROOT = iphoneos;
				SWIFT_COMPILATION_MODE = wholemodule;
				SWIFT_OPTIMIZATION_LEVEL = "-O";
				VALIDATE_PRODUCT = YES;
			};
			name = Release;
		};
		C4AA00FF274A10EE0079B500 /* Debug */ = {
			isa = XCBuildConfiguration;
			baseConfigurationReference = 136A344EF8FE8639B2BB6AE2 /* Pods-GetSpotiAPI.debug.xcconfig */;
			buildSettings = {
				ASSETCATALOG_COMPILER_APPICON_NAME = AppIcon;
				ASSETCATALOG_COMPILER_GLOBAL_ACCENT_COLOR_NAME = AccentColor;
				CODE_SIGN_STYLE = Automatic;
				CURRENT_PROJECT_VERSION = 1;
				DEVELOPMENT_TEAM = 7PA2822VC6;
				GENERATE_INFOPLIST_FILE = YES;
				INFOPLIST_FILE = GetSpotiAPI/Info.plist;
				INFOPLIST_KEY_CFBundleDisplayName = GetSpotiAPI;
				INFOPLIST_KEY_UIApplicationSupportsIndirectInputEvents = YES;
				INFOPLIST_KEY_UILaunchStoryboardName = LaunchScreen;
				INFOPLIST_KEY_UISupportedInterfaceOrientations = UIInterfaceOrientationPortrait;
				INFOPLIST_KEY_UISupportedInterfaceOrientations_iPad = "UIInterfaceOrientationPortrait UIInterfaceOrientationPortraitUpsideDown UIInterfaceOrientationLandscapeLeft UIInterfaceOrientationLandscapeRight";
				INFOPLIST_KEY_UISupportedInterfaceOrientations_iPhone = "UIInterfaceOrientationPortrait UIInterfaceOrientationLandscapeLeft UIInterfaceOrientationLandscapeRight";
				IPHONEOS_DEPLOYMENT_TARGET = 13.0;
				LD_RUNPATH_SEARCH_PATHS = (
					"$(inherited)",
					"@executable_path/Frameworks",
				);
				MARKETING_VERSION = 1.0;
				PRODUCT_BUNDLE_IDENTIFIER = com.Rudakov.GetSpotiAPI;
				PRODUCT_NAME = "$(TARGET_NAME)";
				SWIFT_EMIT_LOC_STRINGS = YES;
				SWIFT_VERSION = 5.0;
				TARGETED_DEVICE_FAMILY = "1,2";
			};
			name = Debug;
		};
		C4AA0100274A10EE0079B500 /* Release */ = {
			isa = XCBuildConfiguration;
			baseConfigurationReference = BBF7D98659A38536A0E54CB5 /* Pods-GetSpotiAPI.release.xcconfig */;
			buildSettings = {
				ASSETCATALOG_COMPILER_APPICON_NAME = AppIcon;
				ASSETCATALOG_COMPILER_GLOBAL_ACCENT_COLOR_NAME = AccentColor;
				CODE_SIGN_STYLE = Automatic;
				CURRENT_PROJECT_VERSION = 1;
				DEVELOPMENT_TEAM = 7PA2822VC6;
				GENERATE_INFOPLIST_FILE = YES;
				INFOPLIST_FILE = GetSpotiAPI/Info.plist;
				INFOPLIST_KEY_CFBundleDisplayName = GetSpotiAPI;
				INFOPLIST_KEY_UIApplicationSupportsIndirectInputEvents = YES;
				INFOPLIST_KEY_UILaunchStoryboardName = LaunchScreen;
				INFOPLIST_KEY_UISupportedInterfaceOrientations = UIInterfaceOrientationPortrait;
				INFOPLIST_KEY_UISupportedInterfaceOrientations_iPad = "UIInterfaceOrientationPortrait UIInterfaceOrientationPortraitUpsideDown UIInterfaceOrientationLandscapeLeft UIInterfaceOrientationLandscapeRight";
				INFOPLIST_KEY_UISupportedInterfaceOrientations_iPhone = "UIInterfaceOrientationPortrait UIInterfaceOrientationLandscapeLeft UIInterfaceOrientationLandscapeRight";
				IPHONEOS_DEPLOYMENT_TARGET = 13.0;
				LD_RUNPATH_SEARCH_PATHS = (
					"$(inherited)",
					"@executable_path/Frameworks",
				);
				MARKETING_VERSION = 1.0;
				PRODUCT_BUNDLE_IDENTIFIER = com.Rudakov.GetSpotiAPI;
				PRODUCT_NAME = "$(TARGET_NAME)";
				SWIFT_EMIT_LOC_STRINGS = YES;
				SWIFT_VERSION = 5.0;
				TARGETED_DEVICE_FAMILY = "1,2";
			};
			name = Release;
		};
/* End XCBuildConfiguration section */

/* Begin XCConfigurationList section */
		C4AA00E5274A10EE0079B500 /* Build configuration list for PBXProject "GetSpotiAPI" */ = {
			isa = XCConfigurationList;
			buildConfigurations = (
				C4AA00FC274A10EE0079B500 /* Debug */,
				C4AA00FD274A10EE0079B500 /* Release */,
			);
			defaultConfigurationIsVisible = 0;
			defaultConfigurationName = Release;
		};
		C4AA00FE274A10EE0079B500 /* Build configuration list for PBXNativeTarget "GetSpotiAPI" */ = {
			isa = XCConfigurationList;
			buildConfigurations = (
				C4AA00FF274A10EE0079B500 /* Debug */,
				C4AA0100274A10EE0079B500 /* Release */,
			);
			defaultConfigurationIsVisible = 0;
			defaultConfigurationName = Release;
		};
/* End XCConfigurationList section */
	};
	rootObject = C4AA00E2274A10EE0079B500 /* Project object */;
}
